{
	"name": "@anchan828/textlint-rule-decorators",
	"version": "0.0.154",
	"lockfileVersion": 2,
	"requires": true,
	"packages": {
		"": {
			"name": "@anchan828/textlint-rule-decorators",
			"version": "0.0.154",
			"license": "MIT",
			"dependencies": {
				"reflect-metadata": "^0.1.13",
				"textlint-rule-helper": "^2.2.1"
			}
		},
		"node_modules/@types/unist": {
			"version": "2.0.6",
			"resolved": "https://registry.npmjs.org/@types/unist/-/unist-2.0.6.tgz",
			"integrity": "sha512-PBjIUxZHOuj0R15/xuwJYjFi+KZdNFrehocChv4g5hu6aFroHue8m0lBP0POdK2nKzbw0cgV1mws8+V/JAcEkQ=="
		},
		"node_modules/boundary": {
			"version": "1.0.1",
			"resolved": "https://registry.npmjs.org/boundary/-/boundary-1.0.1.tgz",
			"integrity": "sha1-TWfcJgLAzBbdm85+v4fpSCkPWBI="
		},
		"node_modules/reflect-metadata": {
			"version": "0.1.13",
			"resolved": "https://registry.npmjs.org/reflect-metadata/-/reflect-metadata-0.1.13.tgz",
			"integrity": "sha512-Ts1Y/anZELhSsjMcU605fU9RE4Oi3p5ORujwbIKXfWa+0Zxs510Qrmrce5/Jowq3cHSZSJqBjypxmHarc+vEWg=="
		},
		"node_modules/structured-source": {
			"version": "3.0.2",
			"resolved": "https://registry.npmjs.org/structured-source/-/structured-source-3.0.2.tgz",
			"integrity": "sha1-3YAkJeD1PcSm56yjdSkBoczaevU=",
			"dependencies": {
				"boundary": "^1.0.1"
			}
		},
		"node_modules/textlint-rule-helper": {
			"version": "2.2.1",
			"resolved": "https://registry.npmjs.org/textlint-rule-helper/-/textlint-rule-helper-2.2.1.tgz",
			"integrity": "sha512-pdX3uNbFzQTgINamaBpEHRT/MgROHev5wCnQnUTXRLT5DaRjls0Rmpi5d1MPZG6HT5NKVL++Q2J0FUbh5shi3Q==",
			"dependencies": {
				"structured-source": "^3.0.2",
				"unist-util-visit": "^2.0.3"
			},
			"peerDependencies": {
				"@textlint/ast-node-types": "^12.1.0",
				"@textlint/types": "^12.1.0"
			}
		},
		"node_modules/unist-util-is": {
			"version": "4.1.0",
			"resolved": "https://registry.npmjs.org/unist-util-is/-/unist-util-is-4.1.0.tgz",
			"integrity": "sha512-ZOQSsnce92GrxSqlnEEseX0gi7GH9zTJZ0p9dtu87WRb/37mMPO2Ilx1s/t9vBHrFhbgweUwb+t7cIn5dxPhZg==",
			"funding": {
				"type": "opencollective",
				"url": "https://opencollective.com/unified"
			}
		},
		"node_modules/unist-util-visit": {
			"version": "2.0.3",
			"resolved": "https://registry.npmjs.org/unist-util-visit/-/unist-util-visit-2.0.3.tgz",
			"integrity": "sha512-iJ4/RczbJMkD0712mGktuGpm/U4By4FfDonL7N/9tATGIF4imikjOuagyMY53tnZq3NP6BcmlrHhEKAfGWjh7Q==",
			"dependencies": {
				"@types/unist": "^2.0.0",
				"unist-util-is": "^4.0.0",
				"unist-util-visit-parents": "^3.0.0"
			},
			"funding": {
				"type": "opencollective",
				"url": "https://opencollective.com/unified"
			}
		},
		"node_modules/unist-util-visit-parents": {
			"version": "3.1.1",
			"resolved": "https://registry.npmjs.org/unist-util-visit-parents/-/unist-util-visit-parents-3.1.1.tgz",
			"integrity": "sha512-1KROIZWo6bcMrZEwiH2UrXDyalAa0uqzWCxCJj6lPOvTve2WkfgCytoDTPaMnodXh1WrXOq0haVYHj99ynJlsg==",
			"dependencies": {
				"@types/unist": "^2.0.0",
				"unist-util-is": "^4.0.0"
			},
			"funding": {
				"type": "opencollective",
				"url": "https://opencollective.com/unified"
			}
		}
	},
	"dependencies": {
		"@textlint/ast-node-types": {
			"version": "12.1.1",
			"resolved": "https://registry.npmjs.org/@textlint/ast-node-types/-/ast-node-types-12.1.1.tgz",
			"integrity": "sha512-5/XK9S1177UYetOY6407o1RDuNVndaYfuzsZwhmo52V367s4ZuUD2064WhbmCd6TPyKD4dVr2zoWjfNDfzUZQg==",
			"peer": true
		},
		"@textlint/types": {
			"version": "12.1.1",
			"resolved": "https://registry.npmjs.org/@textlint/types/-/types-12.1.1.tgz",
			"integrity": "sha512-s0TjnEwEwp3fa8yEhEH8w/lFpih15wtQy2CYaKx0eMScl1bSh+0e8WhiGZaTiiJXAGwNCw6erxB0reBScdU/hA==",
			"peer": true,
			"requires": {
				"@textlint/ast-node-types": "^12.1.1"
			}
		},
		"@types/unist": {
			"version": "2.0.6",
			"resolved": "https://registry.npmjs.org/@types/unist/-/unist-2.0.6.tgz",
			"integrity": "sha512-PBjIUxZHOuj0R15/xuwJYjFi+KZdNFrehocChv4g5hu6aFroHue8m0lBP0POdK2nKzbw0cgV1mws8+V/JAcEkQ=="
		},
		"boundary": {
			"version": "1.0.1",
			"resolved": "https://registry.npmjs.org/boundary/-/boundary-1.0.1.tgz",
			"integrity": "sha1-TWfcJgLAzBbdm85+v4fpSCkPWBI="
		},
		"reflect-metadata": {
			"version": "0.1.13",
			"resolved": "https://registry.npmjs.org/reflect-metadata/-/reflect-metadata-0.1.13.tgz",
			"integrity": "sha512-Ts1Y/anZELhSsjMcU605fU9RE4Oi3p5ORujwbIKXfWa+0Zxs510Qrmrce5/Jowq3cHSZSJqBjypxmHarc+vEWg=="
		},
		"structured-source": {
			"version": "3.0.2",
			"resolved": "https://registry.npmjs.org/structured-source/-/structured-source-3.0.2.tgz",
			"integrity": "sha1-3YAkJeD1PcSm56yjdSkBoczaevU=",
			"requires": {
				"boundary": "^1.0.1"
			}
		},
		"textlint-rule-helper": {
			"version": "2.2.1",
			"resolved": "https://registry.npmjs.org/textlint-rule-helper/-/textlint-rule-helper-2.2.1.tgz",
			"integrity": "sha512-pdX3uNbFzQTgINamaBpEHRT/MgROHev5wCnQnUTXRLT5DaRjls0Rmpi5d1MPZG6HT5NKVL++Q2J0FUbh5shi3Q==",
			"requires": {
				"structured-source": "^3.0.2",
				"unist-util-visit": "^2.0.3"
			}
		},
		"unist-util-is": {
			"version": "4.1.0",
			"resolved": "https://registry.npmjs.org/unist-util-is/-/unist-util-is-4.1.0.tgz",
			"integrity": "sha512-ZOQSsnce92GrxSqlnEEseX0gi7GH9zTJZ0p9dtu87WRb/37mMPO2Ilx1s/t9vBHrFhbgweUwb+t7cIn5dxPhZg=="
		},
		"unist-util-visit": {
			"version": "2.0.3",
			"resolved": "https://registry.npmjs.org/unist-util-visit/-/unist-util-visit-2.0.3.tgz",
			"integrity": "sha512-iJ4/RczbJMkD0712mGktuGpm/U4By4FfDonL7N/9tATGIF4imikjOuagyMY53tnZq3NP6BcmlrHhEKAfGWjh7Q==",
			"requires": {
				"@types/unist": "^2.0.0",
				"unist-util-is": "^4.0.0",
				"unist-util-visit-parents": "^3.0.0"
			}
		},
		"unist-util-visit-parents": {
			"version": "3.1.1",
			"resolved": "https://registry.npmjs.org/unist-util-visit-parents/-/unist-util-visit-parents-3.1.1.tgz",
			"integrity": "sha512-1KROIZWo6bcMrZEwiH2UrXDyalAa0uqzWCxCJj6lPOvTve2WkfgCytoDTPaMnodXh1WrXOq0haVYHj99ynJlsg==",
			"requires": {
				"@types/unist": "^2.0.0",
				"unist-util-is": "^4.0.0"
			}
		}
	}
}
